// !$*UTF8*$!
{
	archiveVersion = 1;
	classes = {
	};
	objectVersion = 56;
	objects = {

/* Begin PBXBuildFile section */
		940C2C7029473007008D2A8A /* RegisterViewController.swift in Sources */ = {isa = PBXBuildFile; fileRef = 940C2C6F29473007008D2A8A /* RegisterViewController.swift */; };
		94275BAB294708D000960C73 /* FirebaseAuth in Frameworks */ = {isa = PBXBuildFile; productRef = 94275BAA294708D000960C73 /* FirebaseAuth */; };
		94275BAD294708D000960C73 /* FirebaseDatabase in Frameworks */ = {isa = PBXBuildFile; productRef = 94275BAC294708D000960C73 /* FirebaseDatabase */; };
		94275BAF294708D000960C73 /* FirebaseStorage in Frameworks */ = {isa = PBXBuildFile; productRef = 94275BAE294708D000960C73 /* FirebaseStorage */; };
		94275BB12947092700960C73 /* GoogleService-Info.plist in Resources */ = {isa = PBXBuildFile; fileRef = 94275BB02947092700960C73 /* GoogleService-Info.plist */; };
		94D2BFC02940C4A6005F1CDD /* LoginViewController.swift in Sources */ = {isa = PBXBuildFile; fileRef = 94D2BFBF2940C4A6005F1CDD /* LoginViewController.swift */; };
		94D97A422947400200549E67 /* Utility.swift in Sources */ = {isa = PBXBuildFile; fileRef = 94D97A412947400200549E67 /* Utility.swift */; };
		EA2F272D2940862100D3B89C /* AppDelegate.swift in Sources */ = {isa = PBXBuildFile; fileRef = EA2F272C2940862100D3B89C /* AppDelegate.swift */; };
		EA2F272F2940862100D3B89C /* SceneDelegate.swift in Sources */ = {isa = PBXBuildFile; fileRef = EA2F272E2940862100D3B89C /* SceneDelegate.swift */; };
		EA2F27312940862100D3B89C /* ViewController.swift in Sources */ = {isa = PBXBuildFile; fileRef = EA2F27302940862100D3B89C /* ViewController.swift */; };
		EA2F27342940862100D3B89C /* Main.storyboard in Resources */ = {isa = PBXBuildFile; fileRef = EA2F27322940862100D3B89C /* Main.storyboard */; };
		EA2F27362940862200D3B89C /* Assets.xcassets in Resources */ = {isa = PBXBuildFile; fileRef = EA2F27352940862200D3B89C /* Assets.xcassets */; };
		EA2F27392940862200D3B89C /* LaunchScreen.storyboard in Resources */ = {isa = PBXBuildFile; fileRef = EA2F27372940862200D3B89C /* LaunchScreen.storyboard */; };
		EA2F274B2940935500D3B89C /* DataViewModel.swift in Sources */ = {isa = PBXBuildFile; fileRef = EA2F27412940935400D3B89C /* DataViewModel.swift */; };
		EA2F274C2940935500D3B89C /* UIViewController+Extensions.swift in Sources */ = {isa = PBXBuildFile; fileRef = EA2F27432940935400D3B89C /* UIViewController+Extensions.swift */; };
		EA2F274D2940935500D3B89C /* Data.swift in Sources */ = {isa = PBXBuildFile; fileRef = EA2F27452940935400D3B89C /* Data.swift */; };
		EA2F274E2940935500D3B89C /* ApiClient.swift in Sources */ = {isa = PBXBuildFile; fileRef = EA2F27472940935500D3B89C /* ApiClient.swift */; };
		EA2F27502940935500D3B89C /* CustomTableViewCell.swift in Sources */ = {isa = PBXBuildFile; fileRef = EA2F274A2940935500D3B89C /* CustomTableViewCell.swift */; };
		EA2F275429409BAE00D3B89C /* ChatUIConfiguration.swift in Sources */ = {isa = PBXBuildFile; fileRef = EA2F275329409BAE00D3B89C /* ChatUIConfiguration.swift */; };
		EA2F276C29409DA400D3B89C /* UIScrollView.swift in Sources */ = {isa = PBXBuildFile; fileRef = EA2F276529409DA400D3B89C /* UIScrollView.swift */; };
		EA2F276D29409DA400D3B89C /* Date.swift in Sources */ = {isa = PBXBuildFile; fileRef = EA2F276629409DA400D3B89C /* Date.swift */; };
		EA2F276E29409DA400D3B89C /* UIView.swift in Sources */ = {isa = PBXBuildFile; fileRef = EA2F276729409DA400D3B89C /* UIView.swift */; };
		EA2F276F29409DA400D3B89C /* UIColor.swift in Sources */ = {isa = PBXBuildFile; fileRef = EA2F276829409DA400D3B89C /* UIColor.swift */; };
		EA2F277029409DA400D3B89C /* UITextField.swift in Sources */ = {isa = PBXBuildFile; fileRef = EA2F276929409DA400D3B89C /* UITextField.swift */; };
		EA2F277129409DA400D3B89C /* String.swift in Sources */ = {isa = PBXBuildFile; fileRef = EA2F276A29409DA400D3B89C /* String.swift */; };
		EA2F277229409DA400D3B89C /* UIImage.swift in Sources */ = {isa = PBXBuildFile; fileRef = EA2F276B29409DA400D3B89C /* UIImage.swift */; };
		EA2F277B2940A10500D3B89C /* TeamsChatUIGenericConfigurationProtocol.swift in Sources */ = {isa = PBXBuildFile; fileRef = EA2F277A2940A10500D3B89C /* TeamsChatUIGenericConfigurationProtocol.swift */; };
/* End PBXBuildFile section */

/* Begin PBXFileReference section */
		940C2C6F29473007008D2A8A /* RegisterViewController.swift */ = {isa = PBXFileReference; lastKnownFileType = sourcecode.swift; path = RegisterViewController.swift; sourceTree = "<group>"; };
		94275BB02947092700960C73 /* GoogleService-Info.plist */ = {isa = PBXFileReference; fileEncoding = 4; lastKnownFileType = text.plist.xml; name = "GoogleService-Info.plist"; path = "../../../../Downloads/GoogleService-Info.plist"; sourceTree = "<group>"; };
		94D2BFBF2940C4A6005F1CDD /* LoginViewController.swift */ = {isa = PBXFileReference; lastKnownFileType = sourcecode.swift; path = LoginViewController.swift; sourceTree = "<group>"; };
		94D97A412947400200549E67 /* Utility.swift */ = {isa = PBXFileReference; lastKnownFileType = sourcecode.swift; path = Utility.swift; sourceTree = "<group>"; };
		EA2F27292940862100D3B89C /* TeamsChat.app */ = {isa = PBXFileReference; explicitFileType = wrapper.application; includeInIndex = 0; path = TeamsChat.app; sourceTree = BUILT_PRODUCTS_DIR; };
		EA2F272C2940862100D3B89C /* AppDelegate.swift */ = {isa = PBXFileReference; lastKnownFileType = sourcecode.swift; path = AppDelegate.swift; sourceTree = "<group>"; };
		EA2F272E2940862100D3B89C /* SceneDelegate.swift */ = {isa = PBXFileReference; lastKnownFileType = sourcecode.swift; path = SceneDelegate.swift; sourceTree = "<group>"; };
		EA2F27302940862100D3B89C /* ViewController.swift */ = {isa = PBXFileReference; lastKnownFileType = sourcecode.swift; path = ViewController.swift; sourceTree = "<group>"; };
		EA2F27332940862100D3B89C /* Base */ = {isa = PBXFileReference; lastKnownFileType = file.storyboard; name = Base; path = Base.lproj/Main.storyboard; sourceTree = "<group>"; };
		EA2F27352940862200D3B89C /* Assets.xcassets */ = {isa = PBXFileReference; lastKnownFileType = folder.assetcatalog; path = Assets.xcassets; sourceTree = "<group>"; };
		EA2F27382940862200D3B89C /* Base */ = {isa = PBXFileReference; lastKnownFileType = file.storyboard; name = Base; path = Base.lproj/LaunchScreen.storyboard; sourceTree = "<group>"; };
		EA2F273A2940862200D3B89C /* Info.plist */ = {isa = PBXFileReference; lastKnownFileType = text.plist.xml; path = Info.plist; sourceTree = "<group>"; };
		EA2F27412940935400D3B89C /* DataViewModel.swift */ = {isa = PBXFileReference; fileEncoding = 4; lastKnownFileType = sourcecode.swift; path = DataViewModel.swift; sourceTree = "<group>"; };
		EA2F27432940935400D3B89C /* UIViewController+Extensions.swift */ = {isa = PBXFileReference; fileEncoding = 4; lastKnownFileType = sourcecode.swift; path = "UIViewController+Extensions.swift"; sourceTree = "<group>"; };
		EA2F27452940935400D3B89C /* Data.swift */ = {isa = PBXFileReference; fileEncoding = 4; lastKnownFileType = sourcecode.swift; path = Data.swift; sourceTree = "<group>"; };
		EA2F27472940935500D3B89C /* ApiClient.swift */ = {isa = PBXFileReference; fileEncoding = 4; lastKnownFileType = sourcecode.swift; path = ApiClient.swift; sourceTree = "<group>"; };
		EA2F274A2940935500D3B89C /* CustomTableViewCell.swift */ = {isa = PBXFileReference; fileEncoding = 4; lastKnownFileType = sourcecode.swift; path = CustomTableViewCell.swift; sourceTree = "<group>"; };
		EA2F275329409BAE00D3B89C /* ChatUIConfiguration.swift */ = {isa = PBXFileReference; fileEncoding = 4; lastKnownFileType = sourcecode.swift; path = ChatUIConfiguration.swift; sourceTree = "<group>"; };
		EA2F276529409DA400D3B89C /* UIScrollView.swift */ = {isa = PBXFileReference; fileEncoding = 4; lastKnownFileType = sourcecode.swift; path = UIScrollView.swift; sourceTree = "<group>"; };
		EA2F276629409DA400D3B89C /* Date.swift */ = {isa = PBXFileReference; fileEncoding = 4; lastKnownFileType = sourcecode.swift; path = Date.swift; sourceTree = "<group>"; };
		EA2F276729409DA400D3B89C /* UIView.swift */ = {isa = PBXFileReference; fileEncoding = 4; lastKnownFileType = sourcecode.swift; path = UIView.swift; sourceTree = "<group>"; };
		EA2F276829409DA400D3B89C /* UIColor.swift */ = {isa = PBXFileReference; fileEncoding = 4; lastKnownFileType = sourcecode.swift; path = UIColor.swift; sourceTree = "<group>"; };
		EA2F276929409DA400D3B89C /* UITextField.swift */ = {isa = PBXFileReference; fileEncoding = 4; lastKnownFileType = sourcecode.swift; path = UITextField.swift; sourceTree = "<group>"; };
		EA2F276A29409DA400D3B89C /* String.swift */ = {isa = PBXFileReference; fileEncoding = 4; lastKnownFileType = sourcecode.swift; path = String.swift; sourceTree = "<group>"; };
		EA2F276B29409DA400D3B89C /* UIImage.swift */ = {isa = PBXFileReference; fileEncoding = 4; lastKnownFileType = sourcecode.swift; path = UIImage.swift; sourceTree = "<group>"; };
		EA2F277A2940A10500D3B89C /* TeamsChatUIGenericConfigurationProtocol.swift */ = {isa = PBXFileReference; fileEncoding = 4; lastKnownFileType = sourcecode.swift; path = TeamsChatUIGenericConfigurationProtocol.swift; sourceTree = "<group>"; };
/* End PBXFileReference section */

/* Begin PBXFrameworksBuildPhase section */
		EA2F27262940862100D3B89C /* Frameworks */ = {
			isa = PBXFrameworksBuildPhase;
			buildActionMask = 2147483647;
			files = (
				94275BAD294708D000960C73 /* FirebaseDatabase in Frameworks */,
				94275BAB294708D000960C73 /* FirebaseAuth in Frameworks */,
				94275BAF294708D000960C73 /* FirebaseStorage in Frameworks */,
			);
			runOnlyForDeploymentPostprocessing = 0;
		};
/* End PBXFrameworksBuildPhase section */

/* Begin PBXGroup section */
		EA2F27202940862100D3B89C = {
			isa = PBXGroup;
			children = (
				EA2F272B2940862100D3B89C /* TeamsChat */,
				EA2F272A2940862100D3B89C /* Products */,
			);
			sourceTree = "<group>";
		};
		EA2F272A2940862100D3B89C /* Products */ = {
			isa = PBXGroup;
			children = (
				EA2F27292940862100D3B89C /* TeamsChat.app */,
			);
			name = Products;
			sourceTree = "<group>";
		};
		EA2F272B2940862100D3B89C /* TeamsChat */ = {
			isa = PBXGroup;
			children = (
				EA2F275529409C5000D3B89C /* Helpers */,
				EA2F275229409ACE00D3B89C /* SupportingFile */,
				EA2F27422940935400D3B89C /* Extensions */,
				EA2F27442940935400D3B89C /* Model */,
				EA2F27462940935500D3B89C /* Network */,
				EA2F27482940935500D3B89C /* View */,
				EA2F27402940935400D3B89C /* ViewModel */,
				EA2F272C2940862100D3B89C /* AppDelegate.swift */,
				EA2F272E2940862100D3B89C /* SceneDelegate.swift */,
				EA2F27322940862100D3B89C /* Main.storyboard */,
				EA2F27352940862200D3B89C /* Assets.xcassets */,
				EA2F27372940862200D3B89C /* LaunchScreen.storyboard */,
				94275BB02947092700960C73 /* GoogleService-Info.plist */,
				EA2F273A2940862200D3B89C /* Info.plist */,
				94D97A412947400200549E67 /* Utility.swift */,
			);
			path = TeamsChat;
			sourceTree = "<group>";
		};
		EA2F27402940935400D3B89C /* ViewModel */ = {
			isa = PBXGroup;
			children = (
				EA2F27412940935400D3B89C /* DataViewModel.swift */,
			);
			path = ViewModel;
			sourceTree = "<group>";
		};
		EA2F27422940935400D3B89C /* Extensions */ = {
			isa = PBXGroup;
			children = (
				EA2F276429409DA400D3B89C /* UIExtensions */,
				EA2F27432940935400D3B89C /* UIViewController+Extensions.swift */,
			);
			path = Extensions;
			sourceTree = "<group>";
		};
		EA2F27442940935400D3B89C /* Model */ = {
			isa = PBXGroup;
			children = (
				EA2F27452940935400D3B89C /* Data.swift */,
			);
			path = Model;
			sourceTree = "<group>";
		};
		EA2F27462940935500D3B89C /* Network */ = {
			isa = PBXGroup;
			children = (
				EA2F27472940935500D3B89C /* ApiClient.swift */,
			);
			path = Network;
			sourceTree = "<group>";
		};
		EA2F27482940935500D3B89C /* View */ = {
			isa = PBXGroup;
			children = (
				EA2F27302940862100D3B89C /* ViewController.swift */,
				EA2F274A2940935500D3B89C /* CustomTableViewCell.swift */,
				94D2BFBF2940C4A6005F1CDD /* LoginViewController.swift */,
				940C2C6F29473007008D2A8A /* RegisterViewController.swift */,
			);
			path = View;
			sourceTree = "<group>";
		};
		EA2F275229409ACE00D3B89C /* SupportingFile */ = {
			isa = PBXGroup;
			children = (
				EA2F275329409BAE00D3B89C /* ChatUIConfiguration.swift */,
			);
			path = SupportingFile;
			sourceTree = "<group>";
		};
		EA2F275529409C5000D3B89C /* Helpers */ = {
			isa = PBXGroup;
			children = (
				EA2F277A2940A10500D3B89C /* TeamsChatUIGenericConfigurationProtocol.swift */,
			);
			path = Helpers;
			sourceTree = "<group>";
		};
		EA2F276429409DA400D3B89C /* UIExtensions */ = {
			isa = PBXGroup;
			children = (
				EA2F276529409DA400D3B89C /* UIScrollView.swift */,
				EA2F276629409DA400D3B89C /* Date.swift */,
				EA2F276729409DA400D3B89C /* UIView.swift */,
				EA2F276829409DA400D3B89C /* UIColor.swift */,
				EA2F276929409DA400D3B89C /* UITextField.swift */,
				EA2F276A29409DA400D3B89C /* String.swift */,
				EA2F276B29409DA400D3B89C /* UIImage.swift */,
			);
			path = UIExtensions;
			sourceTree = "<group>";
		};
/* End PBXGroup section */

/* Begin PBXNativeTarget section */
		EA2F27282940862100D3B89C /* TeamsChat */ = {
			isa = PBXNativeTarget;
			buildConfigurationList = EA2F273D2940862200D3B89C /* Build configuration list for PBXNativeTarget "TeamsChat" */;
			buildPhases = (
				EA2F27252940862100D3B89C /* Sources */,
				EA2F27262940862100D3B89C /* Frameworks */,
				EA2F27272940862100D3B89C /* Resources */,
			);
			buildRules = (
			);
			dependencies = (
			);
			name = TeamsChat;
			packageProductDependencies = (
				94275BAA294708D000960C73 /* FirebaseAuth */,
				94275BAC294708D000960C73 /* FirebaseDatabase */,
				94275BAE294708D000960C73 /* FirebaseStorage */,
			);
			productName = TeamsChat;
			productReference = EA2F27292940862100D3B89C /* TeamsChat.app */;
			productType = "com.apple.product-type.application";
		};
/* End PBXNativeTarget section */

/* Begin PBXProject section */
		EA2F27212940862100D3B89C /* Project object */ = {
			isa = PBXProject;
			attributes = {
				BuildIndependentTargetsInParallel = 1;
				LastSwiftUpdateCheck = 1410;
				LastUpgradeCheck = 1410;
				TargetAttributes = {
					EA2F27282940862100D3B89C = {
						CreatedOnToolsVersion = 14.1;
					};
				};
			};
			buildConfigurationList = EA2F27242940862100D3B89C /* Build configuration list for PBXProject "TeamsChat" */;
			compatibilityVersion = "Xcode 14.0";
			developmentRegion = en;
			hasScannedForEncodings = 0;
			knownRegions = (
				en,
				Base,
			);
			mainGroup = EA2F27202940862100D3B89C;
			packageReferences = (
				94275BA9294708D000960C73 /* XCRemoteSwiftPackageReference "firebase-ios-sdk" */,
			);
			productRefGroup = EA2F272A2940862100D3B89C /* Products */;
			projectDirPath = "";
			projectRoot = "";
			targets = (
				EA2F27282940862100D3B89C /* TeamsChat */,
			);
		};
/* End PBXProject section */

/* Begin PBXResourcesBuildPhase section */
		EA2F27272940862100D3B89C /* Resources */ = {
			isa = PBXResourcesBuildPhase;
			buildActionMask = 2147483647;
			files = (
				EA2F27392940862200D3B89C /* LaunchScreen.storyboard in Resources */,
				94275BB12947092700960C73 /* GoogleService-Info.plist in Resources */,
				EA2F27362940862200D3B89C /* Assets.xcassets in Resources */,
				EA2F27342940862100D3B89C /* Main.storyboard in Resources */,
			);
			runOnlyForDeploymentPostprocessing = 0;
		};
/* End PBXResourcesBuildPhase section */

/* Begin PBXSourcesBuildPhase section */
		EA2F27252940862100D3B89C /* Sources */ = {
			isa = PBXSourcesBuildPhase;
			buildActionMask = 2147483647;
			files = (
				94D97A422947400200549E67 /* Utility.swift in Sources */,
				94D2BFC02940C4A6005F1CDD /* LoginViewController.swift in Sources */,
				EA2F27502940935500D3B89C /* CustomTableViewCell.swift in Sources */,
				EA2F277029409DA400D3B89C /* UITextField.swift in Sources */,
				EA2F274E2940935500D3B89C /* ApiClient.swift in Sources */,
				940C2C7029473007008D2A8A /* RegisterViewController.swift in Sources */,
				EA2F274B2940935500D3B89C /* DataViewModel.swift in Sources */,
				EA2F274D2940935500D3B89C /* Data.swift in Sources */,
				EA2F27312940862100D3B89C /* ViewController.swift in Sources */,
				EA2F277B2940A10500D3B89C /* TeamsChatUIGenericConfigurationProtocol.swift in Sources */,
				EA2F276D29409DA400D3B89C /* Date.swift in Sources */,
				EA2F275429409BAE00D3B89C /* ChatUIConfiguration.swift in Sources */,
				EA2F276F29409DA400D3B89C /* UIColor.swift in Sources */,
				EA2F277129409DA400D3B89C /* String.swift in Sources */,
				EA2F274C2940935500D3B89C /* UIViewController+Extensions.swift in Sources */,
				EA2F276E29409DA400D3B89C /* UIView.swift in Sources */,
				EA2F272D2940862100D3B89C /* AppDelegate.swift in Sources */,
				EA2F272F2940862100D3B89C /* SceneDelegate.swift in Sources */,
				EA2F277229409DA400D3B89C /* UIImage.swift in Sources */,
				EA2F276C29409DA400D3B89C /* UIScrollView.swift in Sources */,
			);
			runOnlyForDeploymentPostprocessing = 0;
		};
/* End PBXSourcesBuildPhase section */

/* Begin PBXVariantGroup section */
		EA2F27322940862100D3B89C /* Main.storyboard */ = {
			isa = PBXVariantGroup;
			children = (
				EA2F27332940862100D3B89C /* Base */,
			);
			name = Main.storyboard;
			sourceTree = "<group>";
		};
		EA2F27372940862200D3B89C /* LaunchScreen.storyboard */ = {
			isa = PBXVariantGroup;
			children = (
				EA2F27382940862200D3B89C /* Base */,
			);
			name = LaunchScreen.storyboard;
			sourceTree = "<group>";
		};
/* End PBXVariantGroup section */

/* Begin XCBuildConfiguration section */
		EA2F273B2940862200D3B89C /* Debug */ = {
			isa = XCBuildConfiguration;
			buildSettings = {
				ALWAYS_SEARCH_USER_PATHS = NO;
				CLANG_ANALYZER_NONNULL = YES;
				CLANG_ANALYZER_NUMBER_OBJECT_CONVERSION = YES_AGGRESSIVE;
				CLANG_CXX_LANGUAGE_STANDARD = "gnu++20";
				CLANG_ENABLE_MODULES = YES;
				CLANG_ENABLE_OBJC_ARC = YES;
				CLANG_ENABLE_OBJC_WEAK = YES;
				CLANG_WARN_BLOCK_CAPTURE_AUTORELEASING = YES;
				CLANG_WARN_BOOL_CONVERSION = YES;
				CLANG_WARN_COMMA = YES;
				CLANG_WARN_CONSTANT_CONVERSION = YES;
				CLANG_WARN_DEPRECATED_OBJC_IMPLEMENTATIONS = YES;
				CLANG_WARN_DIRECT_OBJC_ISA_USAGE = YES_ERROR;
				CLANG_WARN_DOCUMENTATION_COMMENTS = YES;
				CLANG_WARN_EMPTY_BODY = YES;
				CLANG_WARN_ENUM_CONVERSION = YES;
				CLANG_WARN_INFINITE_RECURSION = YES;
				CLANG_WARN_INT_CONVERSION = YES;
				CLANG_WARN_NON_LITERAL_NULL_CONVERSION = YES;
				CLANG_WARN_OBJC_IMPLICIT_RETAIN_SELF = YES;
				CLANG_WARN_OBJC_LITERAL_CONVERSION = YES;
				CLANG_WARN_OBJC_ROOT_CLASS = YES_ERROR;
				CLANG_WARN_QUOTED_INCLUDE_IN_FRAMEWORK_HEADER = YES;
				CLANG_WARN_RANGE_LOOP_ANALYSIS = YES;
				CLANG_WARN_STRICT_PROTOTYPES = YES;
				CLANG_WARN_SUSPICIOUS_MOVE = YES;
				CLANG_WARN_UNGUARDED_AVAILABILITY = YES_AGGRESSIVE;
				CLANG_WARN_UNREACHABLE_CODE = YES;
				CLANG_WARN__DUPLICATE_METHOD_MATCH = YES;
				COPY_PHASE_STRIP = NO;
				DEBUG_INFORMATION_FORMAT = dwarf;
				ENABLE_STRICT_OBJC_MSGSEND = YES;
				ENABLE_TESTABILITY = YES;
				GCC_C_LANGUAGE_STANDARD = gnu11;
				GCC_DYNAMIC_NO_PIC = NO;
				GCC_NO_COMMON_BLOCKS = YES;
				GCC_OPTIMIZATION_LEVEL = 0;
				GCC_PREPROCESSOR_DEFINITIONS = (
					"DEBUG=1",
					"$(inherited)",
				);
				GCC_WARN_64_TO_32_BIT_CONVERSION = YES;
				GCC_WARN_ABOUT_RETURN_TYPE = YES_ERROR;
				GCC_WARN_UNDECLARED_SELECTOR = YES;
				GCC_WARN_UNINITIALIZED_AUTOS = YES_AGGRESSIVE;
				GCC_WARN_UNUSED_FUNCTION = YES;
				GCC_WARN_UNUSED_VARIABLE = YES;
				IPHONEOS_DEPLOYMENT_TARGET = 16.1;
				MTL_ENABLE_DEBUG_INFO = INCLUDE_SOURCE;
				MTL_FAST_MATH = YES;
				ONLY_ACTIVE_ARCH = YES;
				SDKROOT = iphoneos;
				SWIFT_ACTIVE_COMPILATION_CONDITIONS = DEBUG;
				SWIFT_OPTIMIZATION_LEVEL = "-Onone";
			};
			name = Debug;
		};
		EA2F273C2940862200D3B89C /* Release */ = {
			isa = XCBuildConfiguration;
			buildSettings = {
				ALWAYS_SEARCH_USER_PATHS = NO;
				CLANG_ANALYZER_NONNULL = YES;
				CLANG_ANALYZER_NUMBER_OBJECT_CONVERSION = YES_AGGRESSIVE;
				CLANG_CXX_LANGUAGE_STANDARD = "gnu++20";
				CLANG_ENABLE_MODULES = YES;
				CLANG_ENABLE_OBJC_ARC = YES;
				CLANG_ENABLE_OBJC_WEAK = YES;
				CLANG_WARN_BLOCK_CAPTURE_AUTORELEASING = YES;
				CLANG_WARN_BOOL_CONVERSION = YES;
				CLANG_WARN_COMMA = YES;
				CLANG_WARN_CONSTANT_CONVERSION = YES;
				CLANG_WARN_DEPRECATED_OBJC_IMPLEMENTATIONS = YES;
				CLANG_WARN_DIRECT_OBJC_ISA_USAGE = YES_ERROR;
				CLANG_WARN_DOCUMENTATION_COMMENTS = YES;
				CLANG_WARN_EMPTY_BODY = YES;
				CLANG_WARN_ENUM_CONVERSION = YES;
				CLANG_WARN_INFINITE_RECURSION = YES;
				CLANG_WARN_INT_CONVERSION = YES;
				CLANG_WARN_NON_LITERAL_NULL_CONVERSION = YES;
				CLANG_WARN_OBJC_IMPLICIT_RETAIN_SELF = YES;
				CLANG_WARN_OBJC_LITERAL_CONVERSION = YES;
				CLANG_WARN_OBJC_ROOT_CLASS = YES_ERROR;
				CLANG_WARN_QUOTED_INCLUDE_IN_FRAMEWORK_HEADER = YES;
				CLANG_WARN_RANGE_LOOP_ANALYSIS = YES;
				CLANG_WARN_STRICT_PROTOTYPES = YES;
				CLANG_WARN_SUSPICIOUS_MOVE = YES;
				CLANG_WARN_UNGUARDED_AVAILABILITY = YES_AGGRESSIVE;
				CLANG_WARN_UNREACHABLE_CODE = YES;
				CLANG_WARN__DUPLICATE_METHOD_MATCH = YES;
				COPY_PHASE_STRIP = NO;
				DEBUG_INFORMATION_FORMAT = "dwarf-with-dsym";
				ENABLE_NS_ASSERTIONS = NO;
				ENABLE_STRICT_OBJC_MSGSEND = YES;
				GCC_C_LANGUAGE_STANDARD = gnu11;
				GCC_NO_COMMON_BLOCKS = YES;
				GCC_WARN_64_TO_32_BIT_CONVERSION = YES;
				GCC_WARN_ABOUT_RETURN_TYPE = YES_ERROR;
				GCC_WARN_UNDECLARED_SELECTOR = YES;
				GCC_WARN_UNINITIALIZED_AUTOS = YES_AGGRESSIVE;
				GCC_WARN_UNUSED_FUNCTION = YES;
				GCC_WARN_UNUSED_VARIABLE = YES;
				IPHONEOS_DEPLOYMENT_TARGET = 16.1;
				MTL_ENABLE_DEBUG_INFO = NO;
				MTL_FAST_MATH = YES;
				SDKROOT = iphoneos;
				SWIFT_COMPILATION_MODE = wholemodule;
				SWIFT_OPTIMIZATION_LEVEL = "-O";
				VALIDATE_PRODUCT = YES;
			};
			name = Release;
		};
		EA2F273E2940862200D3B89C /* Debug */ = {
			isa = XCBuildConfiguration;
			buildSettings = {
				ASSETCATALOG_COMPILER_APPICON_NAME = AppIcon;
				ASSETCATALOG_COMPILER_GLOBAL_ACCENT_COLOR_NAME = AccentColor;
				CODE_SIGN_STYLE = Automatic;
				CURRENT_PROJECT_VERSION = 1;
				GENERATE_INFOPLIST_FILE = YES;
				INFOPLIST_FILE = TeamsChat/Info.plist;
				INFOPLIST_KEY_UIApplicationSupportsIndirectInputEvents = YES;
				INFOPLIST_KEY_UILaunchStoryboardName = LaunchScreen;
				INFOPLIST_KEY_UIMainStoryboardFile = Main;
				INFOPLIST_KEY_UISupportedInterfaceOrientations_iPad = "UIInterfaceOrientationPortrait UIInterfaceOrientationPortraitUpsideDown UIInterfaceOrientationLandscapeLeft UIInterfaceOrientationLandscapeRight";
				INFOPLIST_KEY_UISupportedInterfaceOrientations_iPhone = "UIInterfaceOrientationPortrait UIInterfaceOrientationLandscapeLeft UIInterfaceOrientationLandscapeRight";
				LD_RUNPATH_SEARCH_PATHS = (
					"$(inherited)",
					"@executable_path/Frameworks",
				);
				MARKETING_VERSION = 1.0;
				PRODUCT_BUNDLE_IDENTIFIER = com.ronaksankhala.TeamsChat;
				PRODUCT_NAME = "$(TARGET_NAME)";
				SWIFT_EMIT_LOC_STRINGS = YES;
				SWIFT_VERSION = 5.0;
				TARGETED_DEVICE_FAMILY = "1,2";
			};
			name = Debug;
		};
		EA2F273F2940862200D3B89C /* Release */ = {
			isa = XCBuildConfiguration;
			buildSettings = {
				ASSETCATALOG_COMPILER_APPICON_NAME = AppIcon;
				ASSETCATALOG_COMPILER_GLOBAL_ACCENT_COLOR_NAME = AccentColor;
				CODE_SIGN_STYLE = Automatic;
				CURRENT_PROJECT_VERSION = 1;
				GENERATE_INFOPLIST_FILE = YES;
				INFOPLIST_FILE = TeamsChat/Info.plist;
				INFOPLIST_KEY_UIApplicationSupportsIndirectInputEvents = YES;
				INFOPLIST_KEY_UILaunchStoryboardName = LaunchScreen;
				INFOPLIST_KEY_UIMainStoryboardFile = Main;
				INFOPLIST_KEY_UISupportedInterfaceOrientations_iPad = "UIInterfaceOrientationPortrait UIInterfaceOrientationPortraitUpsideDown UIInterfaceOrientationLandscapeLeft UIInterfaceOrientationLandscapeRight";
				INFOPLIST_KEY_UISupportedInterfaceOrientations_iPhone = "UIInterfaceOrientationPortrait UIInterfaceOrientationLandscapeLeft UIInterfaceOrientationLandscapeRight";
				LD_RUNPATH_SEARCH_PATHS = (
					"$(inherited)",
					"@executable_path/Frameworks",
				);
				MARKETING_VERSION = 1.0;
				PRODUCT_BUNDLE_IDENTIFIER = com.ronaksankhala.TeamsChat;
				PRODUCT_NAME = "$(TARGET_NAME)";
				SWIFT_EMIT_LOC_STRINGS = YES;
				SWIFT_VERSION = 5.0;
				TARGETED_DEVICE_FAMILY = "1,2";
			};
			name = Release;
		};
/* End XCBuildConfiguration section */

/* Begin XCConfigurationList section */
		EA2F27242940862100D3B89C /* Build configuration list for PBXProject "TeamsChat" */ = {
			isa = XCConfigurationList;
			buildConfigurations = (
				EA2F273B2940862200D3B89C /* Debug */,
				EA2F273C2940862200D3B89C /* Release */,
			);
			defaultConfigurationIsVisible = 0;
			defaultConfigurationName = Release;
		};
		EA2F273D2940862200D3B89C /* Build configuration list for PBXNativeTarget "TeamsChat" */ = {
			isa = XCConfigurationList;
			buildConfigurations = (
				EA2F273E2940862200D3B89C /* Debug */,
				EA2F273F2940862200D3B89C /* Release */,
			);
			defaultConfigurationIsVisible = 0;
			defaultConfigurationName = Release;
		};
/* End XCConfigurationList section */

/* Begin XCRemoteSwiftPackageReference section */
		94275BA9294708D000960C73 /* XCRemoteSwiftPackageReference "firebase-ios-sdk" */ = {
			isa = XCRemoteSwiftPackageReference;
			repositoryURL = "https://github.com/firebase/firebase-ios-sdk";
			requirement = {
				kind = upToNextMajorVersion;
				minimumVersion = 9.0.0;
			};
		};
/* End XCRemoteSwiftPackageReference section */

/* Begin XCSwiftPackageProductDependency section */
		94275BAA294708D000960C73 /* FirebaseAuth */ = {
			isa = XCSwiftPackageProductDependency;
			package = 94275BA9294708D000960C73 /* XCRemoteSwiftPackageReference "firebase-ios-sdk" */;
			productName = FirebaseAuth;
		};
		94275BAC294708D000960C73 /* FirebaseDatabase */ = {
			isa = XCSwiftPackageProductDependency;
			package = 94275BA9294708D000960C73 /* XCRemoteSwiftPackageReference "firebase-ios-sdk" */;
			productName = FirebaseDatabase;
		};
		94275BAE294708D000960C73 /* FirebaseStorage */ = {
			isa = XCSwiftPackageProductDependency;
			package = 94275BA9294708D000960C73 /* XCRemoteSwiftPackageReference "firebase-ios-sdk" */;
			productName = FirebaseStorage;
		};
/* End XCSwiftPackageProductDependency section */
	};
	rootObject = EA2F27212940862100D3B89C /* Project object */;
}
